Microsoft Visual Studio Solution File, Format Version 12.00
# Visual Studio Version 17
VisualStudioVersion = 17.5.2.0
MinimumVisualStudioVersion = 10.0.40219.1
Project("{2150E333-8FDC-42A3-9474-1A3956D46DE8}") = "tools", "tools", "{07C2787E-EAC7-C090-1BA3-A61EC2A24D84}"
EndProject
Project("{FAE04EC0-301F-11D3-BF4B-00C04F79EFBC}") = "CreditsTool", "tools\CreditsTool\CreditsTool.csproj", "{9CA41DA9-835E-8EF9-657B-2FA2B7A9FC2C}"
EndProject
Project("{2150E333-8FDC-42A3-9474-1A3956D46DE8}") = "LinuxOneShot", "LinuxOneShot", "{283EB05E-F63F-BFF9-2178-5BD78B4B712B}"
EndProject
Project("{FAE04EC0-301F-11D3-BF4B-00C04F79EFBC}") = "SetupProgram", "tools\LinuxOneShot\SetupProgram\SetupProgram.csproj", "{AD5ACC42-7915-0D32-EFA6-7BEA7A288BC7}"
EndProject
Global
	GlobalSection(SolutionConfigurationPlatforms) = preSolution
		Debug|Any CPU = Debug|Any CPU
		Release|Any CPU = Release|Any CPU
	EndGlobalSection
	GlobalSection(ProjectConfigurationPlatforms) = postSolution
		{9CA41DA9-835E-8EF9-657B-2FA2B7A9FC2C}.Debug|Any CPU.ActiveCfg = Debug|Any CPU
		{9CA41DA9-835E-8EF9-657B-2FA2B7A9FC2C}.Debug|Any CPU.Build.0 = Debug|Any CPU
		{9CA41DA9-835E-8EF9-657B-2FA2B7A9FC2C}.Release|Any CPU.ActiveCfg = Release|Any CPU
		{9CA41DA9-835E-8EF9-657B-2FA2B7A9FC2C}.Release|Any CPU.Build.0 = Release|Any CPU
		{AD5ACC42-7915-0D32-EFA6-7BEA7A288BC7}.Debug|Any CPU.ActiveCfg = Debug|Any CPU
		{AD5ACC42-7915-0D32-EFA6-7BEA7A288BC7}.Debug|Any CPU.Build.0 = Debug|Any CPU
		{AD5ACC42-7915-0D32-EFA6-7BEA7A288BC7}.Release|Any CPU.ActiveCfg = Release|Any CPU
		{AD5ACC42-7915-0D32-EFA6-7BEA7A288BC7}.Release|Any CPU.Build.0 = Release|Any CPU
	EndGlobalSection
	GlobalSection(SolutionProperties) = preSolution
		HideSolutionNode = FALSE
	EndGlobalSection
	GlobalSection(NestedProjects) = preSolution
		{9CA41DA9-835E-8EF9-657B-2FA2B7A9FC2C} = {07C2787E-EAC7-C090-1BA3-A61EC2A24D84}
		{283EB05E-F63F-BFF9-2178-5BD78B4B712B} = {07C2787E-EAC7-C090-1BA3-A61EC2A24D84}
		{AD5ACC42-7915-0D32-EFA6-7BEA7A288BC7} = {283EB05E-F63F-BFF9-2178-5BD78B4B712B}
	EndGlobalSection
	GlobalSection(ExtensibilityGlobals) = postSolution
		SolutionGuid = {A86FB337-5775-4589-9313-1B1A8473C76F}
	EndGlobalSection
EndGlobal
